
Microsoft Visual Studio Solution File, Format Version 12.00
# Visual Studio Version 17
VisualStudioVersion = 17.13.35931.197
MinimumVisualStudioVersion = 10.0.40219.1
Project("{FAE04EC0-301F-11D3-BF4B-00C04F79EFBC}") = "MonoBuilder", "MonoBuilder\MonoBuilder.csproj", "{A6EF9613-2B14-4D1D-B1B5-D3229EF684D4}"
EndProject
Project("{FAE04EC0-301F-11D3-BF4B-00C04F79EFBC}") = "Tests", "Tests\Tests.csproj", "{5C099110-D7D9-456B-9872-1A21D9064127}"
EndProject
Project("{FAE04EC0-301F-11D3-BF4B-00C04F79EFBC}") = "ConsoleRunner", "ConsoleRunner\ConsoleRunner.csproj", "{DC37EB7B-3955-4BF3-834B-91820371AEAA}"
EndProject
Global
	GlobalSection(SolutionConfigurationPlatforms) = preSolution
		Debug|Any CPU = Debug|Any CPU
		Release|Any CPU = Release|Any CPU
	EndGlobalSection
	GlobalSection(ProjectConfigurationPlatforms) = postSolution
		{A6EF9613-2B14-4D1D-B1B5-D3229EF684D4}.Debug|Any CPU.ActiveCfg = Debug|Any CPU
		{A6EF9613-2B14-4D1D-B1B5-D3229EF684D4}.Debug|Any CPU.Build.0 = Debug|Any CPU
		{A6EF9613-2B14-4D1D-B1B5-D3229EF684D4}.Release|Any CPU.ActiveCfg = Release|Any CPU
		{A6EF9613-2B14-4D1D-B1B5-D3229EF684D4}.Release|Any CPU.Build.0 = Release|Any CPU
		{5C099110-D7D9-456B-9872-1A21D9064127}.Debug|Any CPU.ActiveCfg = Debug|Any CPU
		{5C099110-D7D9-456B-9872-1A21D9064127}.Debug|Any CPU.Build.0 = Debug|Any CPU
		{5C099110-D7D9-456B-9872-1A21D9064127}.Release|Any CPU.ActiveCfg = Release|Any CPU
		{5C099110-D7D9-456B-9872-1A21D9064127}.Release|Any CPU.Build.0 = Release|Any CPU
		{DC37EB7B-3955-4BF3-834B-91820371AEAA}.Debug|Any CPU.ActiveCfg = Debug|Any CPU
		{DC37EB7B-3955-4BF3-834B-91820371AEAA}.Debug|Any CPU.Build.0 = Debug|Any CPU
		{DC37EB7B-3955-4BF3-834B-91820371AEAA}.Release|Any CPU.ActiveCfg = Release|Any CPU
		{DC37EB7B-3955-4BF3-834B-91820371AEAA}.Release|Any CPU.Build.0 = Release|Any CPU
	EndGlobalSection
	GlobalSection(SolutionProperties) = preSolution
		HideSolutionNode = FALSE
	EndGlobalSection
	GlobalSection(ExtensibilityGlobals) = postSolution
		SolutionGuid = {21FA79F4-6CCE-4CA5-8A24-599C0073993D}
	EndGlobalSection
EndGlobal
