
Microsoft Visual Studio Solution File, Format Version 12.00
# Visual Studio Version 17
VisualStudioVersion = 17.13.35931.197
MinimumVisualStudioVersion = 10.0.40219.1
Project("{FAE04EC0-301F-11D3-BF4B-00C04F79EFBC}") = "MonoBuilder", "MonoBuilder\MonoBuilder.csproj", "{A6EF9613-2B14-4D1D-B1B5-D3229EF684D4}"
EndProject
Project("{FAE04EC0-301F-11D3-BF4B-00C04F79EFBC}") = "Tests", "Tests\Tests.csproj", "{5C099110-D7D9-456B-9872-1A21D9064127}"
EndProject
Project("{FAE04EC0-301F-11D3-BF4B-00C04F79EFBC}") = "ConsoleRunner", "ConsoleRunner\ConsoleRunner.csproj", "{DC37EB7B-3955-4BF3-834B-91820371AEAA}"
EndProject
Project("{2150E333-8FDC-42A3-9474-1A3956D46DE8}") = "TestDiscovery", "TestDiscovery", "{02EA681E-C7D8-13C7-8484-4AC65E1B71E8}"
EndProject
Project("{FAE04EC0-301F-11D3-BF4B-00C04F79EFBC}") = "TestConsole", "TestConsole\TestConsole.csproj", "{28A5786A-2EA7-4ECB-B2AB-1BC6641ADB6F}"
EndProject
Project("{FAE04EC0-301F-11D3-BF4B-00C04F79EFBC}") = "TestLib", "TestLib\TestLib.csproj", "{D3DBC365-2CBF-4262-88DE-8194AFFE3059}"
EndProject
Project("{FAE04EC0-301F-11D3-BF4B-00C04F79EFBC}") = "TestApi", "TestApi\TestApi.csproj", "{DF1F46D7-65B5-4492-A8F9-4201D72D06A5}"
EndProject
Project("{2150E333-8FDC-42A3-9474-1A3956D46DE8}") = "Solution Items", "Solution Items", "{8EC462FD-D22E-90A8-E5CE-7E832BA40C5D}"
	ProjectSection(SolutionItems) = preProject
		.gitattributes = .gitattributes
		.gitignore = .gitignore
		config.json = config.json
		config.schema.json = config.schema.json
		README.md = README.md
		run.ps1 = run.ps1
		send.bat = send.bat
	EndProjectSection
EndProject
Project("{FAE04EC0-301F-11D3-BF4B-00C04F79EFBC}") = "NestedTestLib", "NestedTestLib\NestedTestLib.csproj", "{ECFAD8E5-1C48-4AB6-A4A2-4F5F5D6E3ADD}"
EndProject
Global
	GlobalSection(SolutionConfigurationPlatforms) = preSolution
		Debug|Any CPU = Debug|Any CPU
		Release|Any CPU = Release|Any CPU
	EndGlobalSection
	GlobalSection(ProjectConfigurationPlatforms) = postSolution
		{A6EF9613-2B14-4D1D-B1B5-D3229EF684D4}.Debug|Any CPU.ActiveCfg = Debug|Any CPU
		{A6EF9613-2B14-4D1D-B1B5-D3229EF684D4}.Debug|Any CPU.Build.0 = Debug|Any CPU
		{A6EF9613-2B14-4D1D-B1B5-D3229EF684D4}.Release|Any CPU.ActiveCfg = Release|Any CPU
		{A6EF9613-2B14-4D1D-B1B5-D3229EF684D4}.Release|Any CPU.Build.0 = Release|Any CPU
		{5C099110-D7D9-456B-9872-1A21D9064127}.Debug|Any CPU.ActiveCfg = Debug|Any CPU
		{5C099110-D7D9-456B-9872-1A21D9064127}.Debug|Any CPU.Build.0 = Debug|Any CPU
		{5C099110-D7D9-456B-9872-1A21D9064127}.Release|Any CPU.ActiveCfg = Release|Any CPU
		{5C099110-D7D9-456B-9872-1A21D9064127}.Release|Any CPU.Build.0 = Release|Any CPU
		{DC37EB7B-3955-4BF3-834B-91820371AEAA}.Debug|Any CPU.ActiveCfg = Debug|Any CPU
		{DC37EB7B-3955-4BF3-834B-91820371AEAA}.Debug|Any CPU.Build.0 = Debug|Any CPU
		{DC37EB7B-3955-4BF3-834B-91820371AEAA}.Release|Any CPU.ActiveCfg = Release|Any CPU
		{DC37EB7B-3955-4BF3-834B-91820371AEAA}.Release|Any CPU.Build.0 = Release|Any CPU
		{28A5786A-2EA7-4ECB-B2AB-1BC6641ADB6F}.Debug|Any CPU.ActiveCfg = Debug|Any CPU
		{28A5786A-2EA7-4ECB-B2AB-1BC6641ADB6F}.Debug|Any CPU.Build.0 = Debug|Any CPU
		{28A5786A-2EA7-4ECB-B2AB-1BC6641ADB6F}.Release|Any CPU.ActiveCfg = Release|Any CPU
		{28A5786A-2EA7-4ECB-B2AB-1BC6641ADB6F}.Release|Any CPU.Build.0 = Release|Any CPU
		{D3DBC365-2CBF-4262-88DE-8194AFFE3059}.Debug|Any CPU.ActiveCfg = Debug|Any CPU
		{D3DBC365-2CBF-4262-88DE-8194AFFE3059}.Debug|Any CPU.Build.0 = Debug|Any CPU
		{D3DBC365-2CBF-4262-88DE-8194AFFE3059}.Release|Any CPU.ActiveCfg = Release|Any CPU
		{D3DBC365-2CBF-4262-88DE-8194AFFE3059}.Release|Any CPU.Build.0 = Release|Any CPU
		{DF1F46D7-65B5-4492-A8F9-4201D72D06A5}.Debug|Any CPU.ActiveCfg = Debug|Any CPU
		{DF1F46D7-65B5-4492-A8F9-4201D72D06A5}.Debug|Any CPU.Build.0 = Debug|Any CPU
		{DF1F46D7-65B5-4492-A8F9-4201D72D06A5}.Release|Any CPU.ActiveCfg = Release|Any CPU
		{DF1F46D7-65B5-4492-A8F9-4201D72D06A5}.Release|Any CPU.Build.0 = Release|Any CPU
		{ECFAD8E5-1C48-4AB6-A4A2-4F5F5D6E3ADD}.Debug|Any CPU.ActiveCfg = Debug|Any CPU
		{ECFAD8E5-1C48-4AB6-A4A2-4F5F5D6E3ADD}.Debug|Any CPU.Build.0 = Debug|Any CPU
		{ECFAD8E5-1C48-4AB6-A4A2-4F5F5D6E3ADD}.Release|Any CPU.ActiveCfg = Release|Any CPU
		{ECFAD8E5-1C48-4AB6-A4A2-4F5F5D6E3ADD}.Release|Any CPU.Build.0 = Release|Any CPU
	EndGlobalSection
	GlobalSection(SolutionProperties) = preSolution
		HideSolutionNode = FALSE
	EndGlobalSection
	GlobalSection(NestedProjects) = preSolution
		{28A5786A-2EA7-4ECB-B2AB-1BC6641ADB6F} = {02EA681E-C7D8-13C7-8484-4AC65E1B71E8}
		{D3DBC365-2CBF-4262-88DE-8194AFFE3059} = {02EA681E-C7D8-13C7-8484-4AC65E1B71E8}
		{DF1F46D7-65B5-4492-A8F9-4201D72D06A5} = {02EA681E-C7D8-13C7-8484-4AC65E1B71E8}
		{ECFAD8E5-1C48-4AB6-A4A2-4F5F5D6E3ADD} = {02EA681E-C7D8-13C7-8484-4AC65E1B71E8}
	EndGlobalSection
	GlobalSection(ExtensibilityGlobals) = postSolution
		SolutionGuid = {21FA79F4-6CCE-4CA5-8A24-599C0073993D}
	EndGlobalSection
EndGlobal
